
Microsoft Visual Studio Solution File, Format Version 12.00
# Visual Studio 15
VisualStudioVersion = 15.0.28307.705
MinimumVisualStudioVersion = 10.0.40219.1
Project("{FAE04EC0-301F-11D3-BF4B-00C04F79EFBC}") = "Sellff-API", "Sellff-API\Sellff-API.csproj", "{56AB132D-1542-455A-B88A-22284EB855D6}"
EndProject
Global
	GlobalSection(SolutionConfigurationPlatforms) = preSolution
		Debug|Any CPU = Debug|Any CPU
		Release|Any CPU = Release|Any CPU
	EndGlobalSection
	GlobalSection(ProjectConfigurationPlatforms) = postSolution
		{56AB132D-1542-455A-B88A-22284EB855D6}.Debug|Any CPU.ActiveCfg = Debug|Any CPU
		{56AB132D-1542-455A-B88A-22284EB855D6}.Debug|Any CPU.Build.0 = Debug|Any CPU
		{56AB132D-1542-455A-B88A-22284EB855D6}.Release|Any CPU.ActiveCfg = Release|Any CPU
		{56AB132D-1542-455A-B88A-22284EB855D6}.Release|Any CPU.Build.0 = Release|Any CPU
	EndGlobalSection
	GlobalSection(SolutionProperties) = preSolution
		HideSolutionNode = FALSE
	EndGlobalSection
	GlobalSection(ExtensibilityGlobals) = postSolution
		SolutionGuid = {E7450C68-EC33-4CF7-B2BF-BD8695D51763}
	EndGlobalSection
EndGlobal
